// !$*UTF8*$!
{
	archiveVersion = 1;
	classes = {
	};
	objectVersion = 46;
	objects = {

/* Begin PBXBuildFile section */
		6568FD63D4ABF556BE18D9A1 /* libPods-OC.a in Frameworks */ = {isa = PBXBuildFile; fileRef = 81EA2B31DF3C7F0A49F74A5F /* libPods-OC.a */; };
		A430C7191E08BDCC00681AFD /* GestureVC.m in Sources */ = {isa = PBXBuildFile; fileRef = A430C7181E08BDCC00681AFD /* GestureVC.m */; };
		A471354F1E08C61600D1E83D /* OperationVC.m in Sources */ = {isa = PBXBuildFile; fileRef = A471354E1E08C61600D1E83D /* OperationVC.m */; };
		A47135521E08C63600D1E83D /* ThreadMainVC.m in Sources */ = {isa = PBXBuildFile; fileRef = A47135511E08C63600D1E83D /* ThreadMainVC.m */; };
		A47135561E08C7DA00D1E83D /* UIImage+Extend.m in Sources */ = {isa = PBXBuildFile; fileRef = A47135551E08C7DA00D1E83D /* UIImage+Extend.m */; };
		A471355A1E08CA4800D1E83D /* OCBaseModel.m in Sources */ = {isa = PBXBuildFile; fileRef = A47135591E08CA4800D1E83D /* OCBaseModel.m */; };
		A471355D1E08CA5F00D1E83D /* ImageModel.m in Sources */ = {isa = PBXBuildFile; fileRef = A471355C1E08CA5F00D1E83D /* ImageModel.m */; };
		A47135601E08CB3600D1E83D /* XMDBManager.m in Sources */ = {isa = PBXBuildFile; fileRef = A471355F1E08CB3600D1E83D /* XMDBManager.m */; };
		A47135631E08CCE600D1E83D /* ImageDB.m in Sources */ = {isa = PBXBuildFile; fileRef = A47135621E08CCE600D1E83D /* ImageDB.m */; };
		A47135661E08CE5C00D1E83D /* FMDBVC.m in Sources */ = {isa = PBXBuildFile; fileRef = A47135651E08CE5C00D1E83D /* FMDBVC.m */; };
		A47135691E08CEF900D1E83D /* GCDVC.m in Sources */ = {isa = PBXBuildFile; fileRef = A47135681E08CEF900D1E83D /* GCDVC.m */; };
		A471356D1E08D10900D1E83D /* PhotoMainVC.m in Sources */ = {isa = PBXBuildFile; fileRef = A471356C1E08D10900D1E83D /* PhotoMainVC.m */; };
		A47135711E08D21E00D1E83D /* OCMethodVC.m in Sources */ = {isa = PBXBuildFile; fileRef = A47135701E08D21E00D1E83D /* OCMethodVC.m */; };
		A47135751E08D34F00D1E83D /* AppDelegate.m in Sources */ = {isa = PBXBuildFile; fileRef = A47135741E08D34F00D1E83D /* AppDelegate.m */; };
		A47135781E08D37F00D1E83D /* AppDelegate+APNS.m in Sources */ = {isa = PBXBuildFile; fileRef = A47135771E08D37F00D1E83D /* AppDelegate+APNS.m */; };
		A471357B1E08DAC600D1E83D /* SelectMorePhotoVC.m in Sources */ = {isa = PBXBuildFile; fileRef = A471357A1E08DAC600D1E83D /* SelectMorePhotoVC.m */; };
		A471357E1E08DC1300D1E83D /* PhotoCell.m in Sources */ = {isa = PBXBuildFile; fileRef = A471357D1E08DC1300D1E83D /* PhotoCell.m */; };
		A47135A01E08DCCA00D1E83D /* JKImagePickerController.strings in Resources */ = {isa = PBXBuildFile; fileRef = A47135811E08DCCA00D1E83D /* JKImagePickerController.strings */; };
		A47135A11E08DCCA00D1E83D /* ImagesPicker.xcassets in Resources */ = {isa = PBXBuildFile; fileRef = A47135831E08DCCA00D1E83D /* ImagesPicker.xcassets */; };
		A47135A21E08DCCA00D1E83D /* JKAssets.m in Sources */ = {isa = PBXBuildFile; fileRef = A47135871E08DCCA00D1E83D /* JKAssets.m */; };
		A47135A31E08DCCA00D1E83D /* JKAssetsCollectionFooterView.m in Sources */ = {isa = PBXBuildFile; fileRef = A47135891E08DCCA00D1E83D /* JKAssetsCollectionFooterView.m */; };
		A47135A41E08DCCA00D1E83D /* JKAssetsGroupCell.m in Sources */ = {isa = PBXBuildFile; fileRef = A471358B1E08DCCA00D1E83D /* JKAssetsGroupCell.m */; };
		A47135A51E08DCCA00D1E83D /* JKAssetsGroupsView.m in Sources */ = {isa = PBXBuildFile; fileRef = A471358D1E08DCCA00D1E83D /* JKAssetsGroupsView.m */; };
		A47135A61E08DCCA00D1E83D /* JKAssetsThumbnailView.m in Sources */ = {isa = PBXBuildFile; fileRef = A471358F1E08DCCA00D1E83D /* JKAssetsThumbnailView.m */; };
		A47135A71E08DCCA00D1E83D /* JKAssetsViewCell.m in Sources */ = {isa = PBXBuildFile; fileRef = A47135911E08DCCA00D1E83D /* JKAssetsViewCell.m */; };
		A47135A81E08DCCA00D1E83D /* JKImagePickerController.m in Sources */ = {isa = PBXBuildFile; fileRef = A47135931E08DCCA00D1E83D /* JKImagePickerController.m */; };
		A47135A91E08DCCA00D1E83D /* JKPhotoBrowser.m in Sources */ = {isa = PBXBuildFile; fileRef = A47135951E08DCCA00D1E83D /* JKPhotoBrowser.m */; };
		A47135AA1E08DCCA00D1E83D /* JKPhotoBrowserCell.m in Sources */ = {isa = PBXBuildFile; fileRef = A47135971E08DCCA00D1E83D /* JKPhotoBrowserCell.m */; };
		A47135AB1E08DCCA00D1E83D /* JKPromptView.m in Sources */ = {isa = PBXBuildFile; fileRef = A47135991E08DCCA00D1E83D /* JKPromptView.m */; };
		A47135AC1E08DCCA00D1E83D /* JKUtil.m in Sources */ = {isa = PBXBuildFile; fileRef = A471359B1E08DCCA00D1E83D /* JKUtil.m */; };
		A47135AD1E08DCCA00D1E83D /* PhotoAlbumManager.m in Sources */ = {isa = PBXBuildFile; fileRef = A471359D1E08DCCA00D1E83D /* PhotoAlbumManager.m */; };
		A47135AE1E08DCCA00D1E83D /* UIView+JKPicker.m in Sources */ = {isa = PBXBuildFile; fileRef = A471359F1E08DCCA00D1E83D /* UIView+JKPicker.m */; };
		A47135B11E08DDE300D1E83D /* SavePhotoToAlbumVC.m in Sources */ = {isa = PBXBuildFile; fileRef = A47135B01E08DDE300D1E83D /* SavePhotoToAlbumVC.m */; };
		A488A6C01E07C2780087D92A /* main.m in Sources */ = {isa = PBXBuildFile; fileRef = A488A6BF1E07C2780087D92A /* main.m */; };
		A488A6CB1E07C2780087D92A /* Assets.xcassets in Resources */ = {isa = PBXBuildFile; fileRef = A488A6CA1E07C2780087D92A /* Assets.xcassets */; };
		A488A6D91E07C2780087D92A /* OCTests.m in Sources */ = {isa = PBXBuildFile; fileRef = A488A6D81E07C2780087D92A /* OCTests.m */; };
		A488A6E41E07C2780087D92A /* OCUITests.m in Sources */ = {isa = PBXBuildFile; fileRef = A488A6E31E07C2780087D92A /* OCUITests.m */; };
		A488A6F41E07F2FC0087D92A /* OCBaseViewController.m in Sources */ = {isa = PBXBuildFile; fileRef = A488A6F31E07F2FC0087D92A /* OCBaseViewController.m */; };
		A488A6F71E07F3400087D92A /* OCBaseNavigationController.m in Sources */ = {isa = PBXBuildFile; fileRef = A488A6F61E07F3400087D92A /* OCBaseNavigationController.m */; };
		A488A6FA1E07F37F0087D92A /* OCBaseTabBarController.m in Sources */ = {isa = PBXBuildFile; fileRef = A488A6F91E07F37F0087D92A /* OCBaseTabBarController.m */; };
		A488A6FE1E07F3D20087D92A /* MainTabBarViewController.m in Sources */ = {isa = PBXBuildFile; fileRef = A488A6FD1E07F3D20087D92A /* MainTabBarViewController.m */; };
		A488A7021E07F4930087D92A /* ViewController.m in Sources */ = {isa = PBXBuildFile; fileRef = A488A7011E07F4930087D92A /* ViewController.m */; };
		A488A7061E07F6E10087D92A /* AnimationViewController.m in Sources */ = {isa = PBXBuildFile; fileRef = A488A7051E07F6E10087D92A /* AnimationViewController.m */; };
		A488A7091E07F70D0087D92A /* AnimationFrameVC.m in Sources */ = {isa = PBXBuildFile; fileRef = A488A7081E07F70D0087D92A /* AnimationFrameVC.m */; };
		A488A70C1E07F71B0087D92A /* AnimationBoundsVC.m in Sources */ = {isa = PBXBuildFile; fileRef = A488A70B1E07F71B0087D92A /* AnimationBoundsVC.m */; };
		A488A70F1E07F7290087D92A /* AnimationCenterVC.m in Sources */ = {isa = PBXBuildFile; fileRef = A488A70E1E07F7290087D92A /* AnimationCenterVC.m */; };
		A488A7121E07F7370087D92A /* AnimationTransformVC.m in Sources */ = {isa = PBXBuildFile; fileRef = A488A7111E07F7370087D92A /* AnimationTransformVC.m */; };
		A488A7151E07F74E0087D92A /* AnimationAlphaVC.m in Sources */ = {isa = PBXBuildFile; fileRef = A488A7141E07F74E0087D92A /* AnimationAlphaVC.m */; };
		A488A7181E07F75B0087D92A /* AnimationKeyFramesVC.m in Sources */ = {isa = PBXBuildFile; fileRef = A488A7171E07F75B0087D92A /* AnimationKeyFramesVC.m */; };
		A488A71B1E07F7680087D92A /* AnimationSpringVC.m in Sources */ = {isa = PBXBuildFile; fileRef = A488A71A1E07F7680087D92A /* AnimationSpringVC.m */; };
		A488A71E1E07F7760087D92A /* AnimationTransitionVC.m in Sources */ = {isa = PBXBuildFile; fileRef = A488A71D1E07F7760087D92A /* AnimationTransitionVC.m */; };
		A488A7211E07F7870087D92A /* CAAnimationDescriptionVC.m in Sources */ = {isa = PBXBuildFile; fileRef = A488A7201E07F7870087D92A /* CAAnimationDescriptionVC.m */; };
		A488A7241E07F7960087D92A /* CAPropertyAnimationVC.m in Sources */ = {isa = PBXBuildFile; fileRef = A488A7231E07F7960087D92A /* CAPropertyAnimationVC.m */; };
		A488A7271E07F7A50087D92A /* CATransitionVC.m in Sources */ = {isa = PBXBuildFile; fileRef = A488A7261E07F7A50087D92A /* CATransitionVC.m */; };
		A488A72A1E07F8350087D92A /* SettingVC.m in Sources */ = {isa = PBXBuildFile; fileRef = A488A7291E07F8350087D92A /* SettingVC.m */; };
/* End PBXBuildFile section */

/* Begin PBXContainerItemProxy section */
		A488A6D51E07C2780087D92A /* PBXContainerItemProxy */ = {
			isa = PBXContainerItemProxy;
			containerPortal = A488A6B31E07C2780087D92A /* Project object */;
			proxyType = 1;
			remoteGlobalIDString = A488A6BA1E07C2780087D92A;
			remoteInfo = OC;
		};
		A488A6E01E07C2780087D92A /* PBXContainerItemProxy */ = {
			isa = PBXContainerItemProxy;
			containerPortal = A488A6B31E07C2780087D92A /* Project object */;
			proxyType = 1;
			remoteGlobalIDString = A488A6BA1E07C2780087D92A;
			remoteInfo = OC;
		};
/* End PBXContainerItemProxy section */

/* Begin PBXFileReference section */
		0DBEA0A80AA2C323BF167113 /* Pods-OC.release.xcconfig */ = {isa = PBXFileReference; includeInIndex = 1; lastKnownFileType = text.xcconfig; name = "Pods-OC.release.xcconfig"; path = "Pods/Target Support Files/Pods-OC/Pods-OC.release.xcconfig"; sourceTree = "<group>"; };
		25FC48CF59387486D4A8B031 /* Pods-OC.debug.xcconfig */ = {isa = PBXFileReference; includeInIndex = 1; lastKnownFileType = text.xcconfig; name = "Pods-OC.debug.xcconfig"; path = "Pods/Target Support Files/Pods-OC/Pods-OC.debug.xcconfig"; sourceTree = "<group>"; };
		81EA2B31DF3C7F0A49F74A5F /* libPods-OC.a */ = {isa = PBXFileReference; explicitFileType = archive.ar; includeInIndex = 0; path = "libPods-OC.a"; sourceTree = BUILT_PRODUCTS_DIR; };
		A430C7171E08BDCC00681AFD /* GestureVC.h */ = {isa = PBXFileReference; fileEncoding = 4; lastKnownFileType = sourcecode.c.h; path = GestureVC.h; sourceTree = "<group>"; };
		A430C7181E08BDCC00681AFD /* GestureVC.m */ = {isa = PBXFileReference; fileEncoding = 4; lastKnownFileType = sourcecode.c.objc; path = GestureVC.m; sourceTree = "<group>"; };
		A471354D1E08C61600D1E83D /* OperationVC.h */ = {isa = PBXFileReference; fileEncoding = 4; lastKnownFileType = sourcecode.c.h; path = OperationVC.h; sourceTree = "<group>"; };
		A471354E1E08C61600D1E83D /* OperationVC.m */ = {isa = PBXFileReference; fileEncoding = 4; lastKnownFileType = sourcecode.c.objc; path = OperationVC.m; sourceTree = "<group>"; };
		A47135501E08C63600D1E83D /* ThreadMainVC.h */ = {isa = PBXFileReference; fileEncoding = 4; lastKnownFileType = sourcecode.c.h; path = ThreadMainVC.h; sourceTree = "<group>"; };
		A47135511E08C63600D1E83D /* ThreadMainVC.m */ = {isa = PBXFileReference; fileEncoding = 4; lastKnownFileType = sourcecode.c.objc; path = ThreadMainVC.m; sourceTree = "<group>"; };
		A47135541E08C7DA00D1E83D /* UIImage+Extend.h */ = {isa = PBXFileReference; fileEncoding = 4; lastKnownFileType = sourcecode.c.h; path = "UIImage+Extend.h"; sourceTree = "<group>"; };
		A47135551E08C7DA00D1E83D /* UIImage+Extend.m */ = {isa = PBXFileReference; fileEncoding = 4; lastKnownFileType = sourcecode.c.objc; path = "UIImage+Extend.m"; sourceTree = "<group>"; };
		A47135581E08CA4800D1E83D /* OCBaseModel.h */ = {isa = PBXFileReference; fileEncoding = 4; lastKnownFileType = sourcecode.c.h; path = OCBaseModel.h; sourceTree = "<group>"; };
		A47135591E08CA4800D1E83D /* OCBaseModel.m */ = {isa = PBXFileReference; fileEncoding = 4; lastKnownFileType = sourcecode.c.objc; path = OCBaseModel.m; sourceTree = "<group>"; };
		A471355B1E08CA5F00D1E83D /* ImageModel.h */ = {isa = PBXFileReference; fileEncoding = 4; lastKnownFileType = sourcecode.c.h; path = ImageModel.h; sourceTree = "<group>"; };
		A471355C1E08CA5F00D1E83D /* ImageModel.m */ = {isa = PBXFileReference; fileEncoding = 4; lastKnownFileType = sourcecode.c.objc; path = ImageModel.m; sourceTree = "<group>"; };
		A471355E1E08CB3600D1E83D /* XMDBManager.h */ = {isa = PBXFileReference; fileEncoding = 4; lastKnownFileType = sourcecode.c.h; path = XMDBManager.h; sourceTree = "<group>"; };
		A471355F1E08CB3600D1E83D /* XMDBManager.m */ = {isa = PBXFileReference; fileEncoding = 4; lastKnownFileType = sourcecode.c.objc; path = XMDBManager.m; sourceTree = "<group>"; };
		A47135611E08CCE600D1E83D /* ImageDB.h */ = {isa = PBXFileReference; fileEncoding = 4; lastKnownFileType = sourcecode.c.h; path = ImageDB.h; sourceTree = "<group>"; };
		A47135621E08CCE600D1E83D /* ImageDB.m */ = {isa = PBXFileReference; fileEncoding = 4; lastKnownFileType = sourcecode.c.objc; path = ImageDB.m; sourceTree = "<group>"; };
		A47135641E08CE5C00D1E83D /* FMDBVC.h */ = {isa = PBXFileReference; fileEncoding = 4; lastKnownFileType = sourcecode.c.h; path = FMDBVC.h; sourceTree = "<group>"; };
		A47135651E08CE5C00D1E83D /* FMDBVC.m */ = {isa = PBXFileReference; fileEncoding = 4; lastKnownFileType = sourcecode.c.objc; path = FMDBVC.m; sourceTree = "<group>"; };
		A47135671E08CEF900D1E83D /* GCDVC.h */ = {isa = PBXFileReference; fileEncoding = 4; lastKnownFileType = sourcecode.c.h; path = GCDVC.h; sourceTree = "<group>"; };
		A47135681E08CEF900D1E83D /* GCDVC.m */ = {isa = PBXFileReference; fileEncoding = 4; lastKnownFileType = sourcecode.c.objc; path = GCDVC.m; sourceTree = "<group>"; };
		A471356B1E08D10900D1E83D /* PhotoMainVC.h */ = {isa = PBXFileReference; fileEncoding = 4; lastKnownFileType = sourcecode.c.h; path = PhotoMainVC.h; sourceTree = "<group>"; };
		A471356C1E08D10900D1E83D /* PhotoMainVC.m */ = {isa = PBXFileReference; fileEncoding = 4; lastKnownFileType = sourcecode.c.objc; path = PhotoMainVC.m; sourceTree = "<group>"; };
		A471356F1E08D21E00D1E83D /* OCMethodVC.h */ = {isa = PBXFileReference; fileEncoding = 4; lastKnownFileType = sourcecode.c.h; path = OCMethodVC.h; sourceTree = "<group>"; };
		A47135701E08D21E00D1E83D /* OCMethodVC.m */ = {isa = PBXFileReference; fileEncoding = 4; lastKnownFileType = sourcecode.c.objc; path = OCMethodVC.m; sourceTree = "<group>"; };
		A47135731E08D34F00D1E83D /* AppDelegate.h */ = {isa = PBXFileReference; fileEncoding = 4; lastKnownFileType = sourcecode.c.h; path = AppDelegate.h; sourceTree = "<group>"; };
		A47135741E08D34F00D1E83D /* AppDelegate.m */ = {isa = PBXFileReference; fileEncoding = 4; lastKnownFileType = sourcecode.c.objc; path = AppDelegate.m; sourceTree = "<group>"; };
		A47135761E08D37F00D1E83D /* AppDelegate+APNS.h */ = {isa = PBXFileReference; fileEncoding = 4; lastKnownFileType = sourcecode.c.h; path = "AppDelegate+APNS.h"; sourceTree = "<group>"; };
		A47135771E08D37F00D1E83D /* AppDelegate+APNS.m */ = {isa = PBXFileReference; fileEncoding = 4; lastKnownFileType = sourcecode.c.objc; path = "AppDelegate+APNS.m"; sourceTree = "<group>"; };
		A47135791E08DAC600D1E83D /* SelectMorePhotoVC.h */ = {isa = PBXFileReference; fileEncoding = 4; lastKnownFileType = sourcecode.c.h; path = SelectMorePhotoVC.h; sourceTree = "<group>"; };
		A471357A1E08DAC600D1E83D /* SelectMorePhotoVC.m */ = {isa = PBXFileReference; fileEncoding = 4; lastKnownFileType = sourcecode.c.objc; path = SelectMorePhotoVC.m; sourceTree = "<group>"; };
		A471357C1E08DC1300D1E83D /* PhotoCell.h */ = {isa = PBXFileReference; fileEncoding = 4; lastKnownFileType = sourcecode.c.h; path = PhotoCell.h; sourceTree = "<group>"; };
		A471357D1E08DC1300D1E83D /* PhotoCell.m */ = {isa = PBXFileReference; fileEncoding = 4; lastKnownFileType = sourcecode.c.objc; path = PhotoCell.m; sourceTree = "<group>"; };
		A47135821E08DCCA00D1E83D /* en */ = {isa = PBXFileReference; lastKnownFileType = text.plist.strings; name = en; path = en.lproj/JKImagePickerController.strings; sourceTree = "<group>"; };
		A47135831E08DCCA00D1E83D /* ImagesPicker.xcassets */ = {isa = PBXFileReference; lastKnownFileType = folder.assetcatalog; path = ImagesPicker.xcassets; sourceTree = "<group>"; };
		A47135841E08DCCA00D1E83D /* zh-Hans */ = {isa = PBXFileReference; lastKnownFileType = text.plist.strings; name = "zh-Hans"; path = "zh-Hans.lproj/JKImagePickerController.strings"; sourceTree = "<group>"; };
		A47135861E08DCCA00D1E83D /* JKAssets.h */ = {isa = PBXFileReference; fileEncoding = 4; lastKnownFileType = sourcecode.c.h; path = JKAssets.h; sourceTree = "<group>"; };
		A47135871E08DCCA00D1E83D /* JKAssets.m */ = {isa = PBXFileReference; fileEncoding = 4; lastKnownFileType = sourcecode.c.objc; path = JKAssets.m; sourceTree = "<group>"; };
		A47135881E08DCCA00D1E83D /* JKAssetsCollectionFooterView.h */ = {isa = PBXFileReference; fileEncoding = 4; lastKnownFileType = sourcecode.c.h; path = JKAssetsCollectionFooterView.h; sourceTree = "<group>"; };
		A47135891E08DCCA00D1E83D /* JKAssetsCollectionFooterView.m */ = {isa = PBXFileReference; fileEncoding = 4; lastKnownFileType = sourcecode.c.objc; path = JKAssetsCollectionFooterView.m; sourceTree = "<group>"; };
		A471358A1E08DCCA00D1E83D /* JKAssetsGroupCell.h */ = {isa = PBXFileReference; fileEncoding = 4; lastKnownFileType = sourcecode.c.h; path = JKAssetsGroupCell.h; sourceTree = "<group>"; };
		A471358B1E08DCCA00D1E83D /* JKAssetsGroupCell.m */ = {isa = PBXFileReference; fileEncoding = 4; lastKnownFileType = sourcecode.c.objc; path = JKAssetsGroupCell.m; sourceTree = "<group>"; };
		A471358C1E08DCCA00D1E83D /* JKAssetsGroupsView.h */ = {isa = PBXFileReference; fileEncoding = 4; lastKnownFileType = sourcecode.c.h; path = JKAssetsGroupsView.h; sourceTree = "<group>"; };
		A471358D1E08DCCA00D1E83D /* JKAssetsGroupsView.m */ = {isa = PBXFileReference; fileEncoding = 4; lastKnownFileType = sourcecode.c.objc; path = JKAssetsGroupsView.m; sourceTree = "<group>"; };
		A471358E1E08DCCA00D1E83D /* JKAssetsThumbnailView.h */ = {isa = PBXFileReference; fileEncoding = 4; lastKnownFileType = sourcecode.c.h; path = JKAssetsThumbnailView.h; sourceTree = "<group>"; };
		A471358F1E08DCCA00D1E83D /* JKAssetsThumbnailView.m */ = {isa = PBXFileReference; fileEncoding = 4; lastKnownFileType = sourcecode.c.objc; path = JKAssetsThumbnailView.m; sourceTree = "<group>"; };
		A47135901E08DCCA00D1E83D /* JKAssetsViewCell.h */ = {isa = PBXFileReference; fileEncoding = 4; lastKnownFileType = sourcecode.c.h; path = JKAssetsViewCell.h; sourceTree = "<group>"; };
		A47135911E08DCCA00D1E83D /* JKAssetsViewCell.m */ = {isa = PBXFileReference; fileEncoding = 4; lastKnownFileType = sourcecode.c.objc; path = JKAssetsViewCell.m; sourceTree = "<group>"; };
		A47135921E08DCCA00D1E83D /* JKImagePickerController.h */ = {isa = PBXFileReference; fileEncoding = 4; lastKnownFileType = sourcecode.c.h; path = JKImagePickerController.h; sourceTree = "<group>"; };
		A47135931E08DCCA00D1E83D /* JKImagePickerController.m */ = {isa = PBXFileReference; fileEncoding = 4; lastKnownFileType = sourcecode.c.objc; path = JKImagePickerController.m; sourceTree = "<group>"; };
		A47135941E08DCCA00D1E83D /* JKPhotoBrowser.h */ = {isa = PBXFileReference; fileEncoding = 4; lastKnownFileType = sourcecode.c.h; path = JKPhotoBrowser.h; sourceTree = "<group>"; };
		A47135951E08DCCA00D1E83D /* JKPhotoBrowser.m */ = {isa = PBXFileReference; fileEncoding = 4; lastKnownFileType = sourcecode.c.objc; path = JKPhotoBrowser.m; sourceTree = "<group>"; };
		A47135961E08DCCA00D1E83D /* JKPhotoBrowserCell.h */ = {isa = PBXFileReference; fileEncoding = 4; lastKnownFileType = sourcecode.c.h; path = JKPhotoBrowserCell.h; sourceTree = "<group>"; };
		A47135971E08DCCA00D1E83D /* JKPhotoBrowserCell.m */ = {isa = PBXFileReference; fileEncoding = 4; lastKnownFileType = sourcecode.c.objc; path = JKPhotoBrowserCell.m; sourceTree = "<group>"; };
		A47135981E08DCCA00D1E83D /* JKPromptView.h */ = {isa = PBXFileReference; fileEncoding = 4; lastKnownFileType = sourcecode.c.h; path = JKPromptView.h; sourceTree = "<group>"; };
		A47135991E08DCCA00D1E83D /* JKPromptView.m */ = {isa = PBXFileReference; fileEncoding = 4; lastKnownFileType = sourcecode.c.objc; path = JKPromptView.m; sourceTree = "<group>"; };
		A471359A1E08DCCA00D1E83D /* JKUtil.h */ = {isa = PBXFileReference; fileEncoding = 4; lastKnownFileType = sourcecode.c.h; path = JKUtil.h; sourceTree = "<group>"; };
		A471359B1E08DCCA00D1E83D /* JKUtil.m */ = {isa = PBXFileReference; fileEncoding = 4; lastKnownFileType = sourcecode.c.objc; path = JKUtil.m; sourceTree = "<group>"; };
		A471359C1E08DCCA00D1E83D /* PhotoAlbumManager.h */ = {isa = PBXFileReference; fileEncoding = 4; lastKnownFileType = sourcecode.c.h; path = PhotoAlbumManager.h; sourceTree = "<group>"; };
		A471359D1E08DCCA00D1E83D /* PhotoAlbumManager.m */ = {isa = PBXFileReference; fileEncoding = 4; lastKnownFileType = sourcecode.c.objc; path = PhotoAlbumManager.m; sourceTree = "<group>"; };
		A471359E1E08DCCA00D1E83D /* UIView+JKPicker.h */ = {isa = PBXFileReference; fileEncoding = 4; lastKnownFileType = sourcecode.c.h; path = "UIView+JKPicker.h"; sourceTree = "<group>"; };
		A471359F1E08DCCA00D1E83D /* UIView+JKPicker.m */ = {isa = PBXFileReference; fileEncoding = 4; lastKnownFileType = sourcecode.c.objc; path = "UIView+JKPicker.m"; sourceTree = "<group>"; };
		A47135AF1E08DDE300D1E83D /* SavePhotoToAlbumVC.h */ = {isa = PBXFileReference; fileEncoding = 4; lastKnownFileType = sourcecode.c.h; path = SavePhotoToAlbumVC.h; sourceTree = "<group>"; };
		A47135B01E08DDE300D1E83D /* SavePhotoToAlbumVC.m */ = {isa = PBXFileReference; fileEncoding = 4; lastKnownFileType = sourcecode.c.objc; path = SavePhotoToAlbumVC.m; sourceTree = "<group>"; };
		A488A6BB1E07C2780087D92A /* OC.app */ = {isa = PBXFileReference; explicitFileType = wrapper.application; includeInIndex = 0; path = OC.app; sourceTree = BUILT_PRODUCTS_DIR; };
		A488A6BF1E07C2780087D92A /* main.m */ = {isa = PBXFileReference; lastKnownFileType = sourcecode.c.objc; path = main.m; sourceTree = "<group>"; };
		A488A6CA1E07C2780087D92A /* Assets.xcassets */ = {isa = PBXFileReference; lastKnownFileType = folder.assetcatalog; path = Assets.xcassets; sourceTree = "<group>"; };
		A488A6CF1E07C2780087D92A /* Info.plist */ = {isa = PBXFileReference; lastKnownFileType = text.plist.xml; path = Info.plist; sourceTree = "<group>"; };
		A488A6D41E07C2780087D92A /* OCTests.xctest */ = {isa = PBXFileReference; explicitFileType = wrapper.cfbundle; includeInIndex = 0; path = OCTests.xctest; sourceTree = BUILT_PRODUCTS_DIR; };
		A488A6D81E07C2780087D92A /* OCTests.m */ = {isa = PBXFileReference; lastKnownFileType = sourcecode.c.objc; path = OCTests.m; sourceTree = "<group>"; };
		A488A6DA1E07C2780087D92A /* Info.plist */ = {isa = PBXFileReference; lastKnownFileType = text.plist.xml; path = Info.plist; sourceTree = "<group>"; };
		A488A6DF1E07C2780087D92A /* OCUITests.xctest */ = {isa = PBXFileReference; explicitFileType = wrapper.cfbundle; includeInIndex = 0; path = OCUITests.xctest; sourceTree = BUILT_PRODUCTS_DIR; };
		A488A6E31E07C2780087D92A /* OCUITests.m */ = {isa = PBXFileReference; lastKnownFileType = sourcecode.c.objc; path = OCUITests.m; sourceTree = "<group>"; };
		A488A6E51E07C2780087D92A /* Info.plist */ = {isa = PBXFileReference; lastKnownFileType = text.plist.xml; path = Info.plist; sourceTree = "<group>"; };
		A488A6F21E07F2FC0087D92A /* OCBaseViewController.h */ = {isa = PBXFileReference; fileEncoding = 4; lastKnownFileType = sourcecode.c.h; path = OCBaseViewController.h; sourceTree = "<group>"; };
		A488A6F31E07F2FC0087D92A /* OCBaseViewController.m */ = {isa = PBXFileReference; fileEncoding = 4; lastKnownFileType = sourcecode.c.objc; path = OCBaseViewController.m; sourceTree = "<group>"; };
		A488A6F51E07F3400087D92A /* OCBaseNavigationController.h */ = {isa = PBXFileReference; fileEncoding = 4; lastKnownFileType = sourcecode.c.h; path = OCBaseNavigationController.h; sourceTree = "<group>"; };
		A488A6F61E07F3400087D92A /* OCBaseNavigationController.m */ = {isa = PBXFileReference; fileEncoding = 4; lastKnownFileType = sourcecode.c.objc; path = OCBaseNavigationController.m; sourceTree = "<group>"; };
		A488A6F81E07F37F0087D92A /* OCBaseTabBarController.h */ = {isa = PBXFileReference; fileEncoding = 4; lastKnownFileType = sourcecode.c.h; path = OCBaseTabBarController.h; sourceTree = "<group>"; };
		A488A6F91E07F37F0087D92A /* OCBaseTabBarController.m */ = {isa = PBXFileReference; fileEncoding = 4; lastKnownFileType = sourcecode.c.objc; path = OCBaseTabBarController.m; sourceTree = "<group>"; };
		A488A6FC1E07F3D20087D92A /* MainTabBarViewController.h */ = {isa = PBXFileReference; fileEncoding = 4; lastKnownFileType = sourcecode.c.h; path = MainTabBarViewController.h; sourceTree = "<group>"; };
		A488A6FD1E07F3D20087D92A /* MainTabBarViewController.m */ = {isa = PBXFileReference; fileEncoding = 4; lastKnownFileType = sourcecode.c.objc; path = MainTabBarViewController.m; sourceTree = "<group>"; };
		A488A7001E07F4930087D92A /* ViewController.h */ = {isa = PBXFileReference; fileEncoding = 4; lastKnownFileType = sourcecode.c.h; path = ViewController.h; sourceTree = "<group>"; };
		A488A7011E07F4930087D92A /* ViewController.m */ = {isa = PBXFileReference; fileEncoding = 4; lastKnownFileType = sourcecode.c.objc; path = ViewController.m; sourceTree = "<group>"; };
		A488A7041E07F6E10087D92A /* AnimationViewController.h */ = {isa = PBXFileReference; fileEncoding = 4; lastKnownFileType = sourcecode.c.h; path = AnimationViewController.h; sourceTree = "<group>"; };
		A488A7051E07F6E10087D92A /* AnimationViewController.m */ = {isa = PBXFileReference; fileEncoding = 4; lastKnownFileType = sourcecode.c.objc; path = AnimationViewController.m; sourceTree = "<group>"; };
		A488A7071E07F70D0087D92A /* AnimationFrameVC.h */ = {isa = PBXFileReference; fileEncoding = 4; lastKnownFileType = sourcecode.c.h; path = AnimationFrameVC.h; sourceTree = "<group>"; };
		A488A7081E07F70D0087D92A /* AnimationFrameVC.m */ = {isa = PBXFileReference; fileEncoding = 4; lastKnownFileType = sourcecode.c.objc; path = AnimationFrameVC.m; sourceTree = "<group>"; };
		A488A70A1E07F71B0087D92A /* AnimationBoundsVC.h */ = {isa = PBXFileReference; fileEncoding = 4; lastKnownFileType = sourcecode.c.h; path = AnimationBoundsVC.h; sourceTree = "<group>"; };
		A488A70B1E07F71B0087D92A /* AnimationBoundsVC.m */ = {isa = PBXFileReference; fileEncoding = 4; lastKnownFileType = sourcecode.c.objc; path = AnimationBoundsVC.m; sourceTree = "<group>"; };
		A488A70D1E07F7290087D92A /* AnimationCenterVC.h */ = {isa = PBXFileReference; fileEncoding = 4; lastKnownFileType = sourcecode.c.h; path = AnimationCenterVC.h; sourceTree = "<group>"; };
		A488A70E1E07F7290087D92A /* AnimationCenterVC.m */ = {isa = PBXFileReference; fileEncoding = 4; lastKnownFileType = sourcecode.c.objc; path = AnimationCenterVC.m; sourceTree = "<group>"; };
		A488A7101E07F7370087D92A /* AnimationTransformVC.h */ = {isa = PBXFileReference; fileEncoding = 4; lastKnownFileType = sourcecode.c.h; path = AnimationTransformVC.h; sourceTree = "<group>"; };
		A488A7111E07F7370087D92A /* AnimationTransformVC.m */ = {isa = PBXFileReference; fileEncoding = 4; lastKnownFileType = sourcecode.c.objc; path = AnimationTransformVC.m; sourceTree = "<group>"; };
		A488A7131E07F74E0087D92A /* AnimationAlphaVC.h */ = {isa = PBXFileReference; fileEncoding = 4; lastKnownFileType = sourcecode.c.h; path = AnimationAlphaVC.h; sourceTree = "<group>"; };
		A488A7141E07F74E0087D92A /* AnimationAlphaVC.m */ = {isa = PBXFileReference; fileEncoding = 4; lastKnownFileType = sourcecode.c.objc; path = AnimationAlphaVC.m; sourceTree = "<group>"; };
		A488A7161E07F75B0087D92A /* AnimationKeyFramesVC.h */ = {isa = PBXFileReference; fileEncoding = 4; lastKnownFileType = sourcecode.c.h; path = AnimationKeyFramesVC.h; sourceTree = "<group>"; };
		A488A7171E07F75B0087D92A /* AnimationKeyFramesVC.m */ = {isa = PBXFileReference; fileEncoding = 4; lastKnownFileType = sourcecode.c.objc; path = AnimationKeyFramesVC.m; sourceTree = "<group>"; };
		A488A7191E07F7680087D92A /* AnimationSpringVC.h */ = {isa = PBXFileReference; fileEncoding = 4; lastKnownFileType = sourcecode.c.h; path = AnimationSpringVC.h; sourceTree = "<group>"; };
		A488A71A1E07F7680087D92A /* AnimationSpringVC.m */ = {isa = PBXFileReference; fileEncoding = 4; lastKnownFileType = sourcecode.c.objc; path = AnimationSpringVC.m; sourceTree = "<group>"; };
		A488A71C1E07F7760087D92A /* AnimationTransitionVC.h */ = {isa = PBXFileReference; fileEncoding = 4; lastKnownFileType = sourcecode.c.h; path = AnimationTransitionVC.h; sourceTree = "<group>"; };
		A488A71D1E07F7760087D92A /* AnimationTransitionVC.m */ = {isa = PBXFileReference; fileEncoding = 4; lastKnownFileType = sourcecode.c.objc; path = AnimationTransitionVC.m; sourceTree = "<group>"; };
		A488A71F1E07F7870087D92A /* CAAnimationDescriptionVC.h */ = {isa = PBXFileReference; fileEncoding = 4; lastKnownFileType = sourcecode.c.h; path = CAAnimationDescriptionVC.h; sourceTree = "<group>"; };
		A488A7201E07F7870087D92A /* CAAnimationDescriptionVC.m */ = {isa = PBXFileReference; fileEncoding = 4; lastKnownFileType = sourcecode.c.objc; path = CAAnimationDescriptionVC.m; sourceTree = "<group>"; };
		A488A7221E07F7960087D92A /* CAPropertyAnimationVC.h */ = {isa = PBXFileReference; fileEncoding = 4; lastKnownFileType = sourcecode.c.h; path = CAPropertyAnimationVC.h; sourceTree = "<group>"; };
		A488A7231E07F7960087D92A /* CAPropertyAnimationVC.m */ = {isa = PBXFileReference; fileEncoding = 4; lastKnownFileType = sourcecode.c.objc; path = CAPropertyAnimationVC.m; sourceTree = "<group>"; };
		A488A7251E07F7A50087D92A /* CATransitionVC.h */ = {isa = PBXFileReference; fileEncoding = 4; lastKnownFileType = sourcecode.c.h; path = CATransitionVC.h; sourceTree = "<group>"; };
		A488A7261E07F7A50087D92A /* CATransitionVC.m */ = {isa = PBXFileReference; fileEncoding = 4; lastKnownFileType = sourcecode.c.objc; path = CATransitionVC.m; sourceTree = "<group>"; };
		A488A7281E07F8350087D92A /* SettingVC.h */ = {isa = PBXFileReference; fileEncoding = 4; lastKnownFileType = sourcecode.c.h; path = SettingVC.h; sourceTree = "<group>"; };
		A488A7291E07F8350087D92A /* SettingVC.m */ = {isa = PBXFileReference; fileEncoding = 4; lastKnownFileType = sourcecode.c.objc; path = SettingVC.m; sourceTree = "<group>"; };
/* End PBXFileReference section */

/* Begin PBXFrameworksBuildPhase section */
		A488A6B81E07C2780087D92A /* Frameworks */ = {
			isa = PBXFrameworksBuildPhase;
			buildActionMask = 2147483647;
			files = (
				6568FD63D4ABF556BE18D9A1 /* libPods-OC.a in Frameworks */,
			);
			runOnlyForDeploymentPostprocessing = 0;
		};
		A488A6D11E07C2780087D92A /* Frameworks */ = {
			isa = PBXFrameworksBuildPhase;
			buildActionMask = 2147483647;
			files = (
			);
			runOnlyForDeploymentPostprocessing = 0;
		};
		A488A6DC1E07C2780087D92A /* Frameworks */ = {
			isa = PBXFrameworksBuildPhase;
			buildActionMask = 2147483647;
			files = (
			);
			runOnlyForDeploymentPostprocessing = 0;
		};
/* End PBXFrameworksBuildPhase section */

/* Begin PBXGroup section */
		0E465C6D2E23888B6BAC9A16 /* Frameworks */ = {
			isa = PBXGroup;
			children = (
				81EA2B31DF3C7F0A49F74A5F /* libPods-OC.a */,
			);
			name = Frameworks;
			sourceTree = "<group>";
		};
		A430C7161E08BDB100681AFD /* GestureVC */ = {
			isa = PBXGroup;
			children = (
				A430C7171E08BDCC00681AFD /* GestureVC.h */,
				A430C7181E08BDCC00681AFD /* GestureVC.m */,
			);
			path = GestureVC;
			sourceTree = "<group>";
		};
		A471354C1E08C5F200D1E83D /* ThreadVC */ = {
			isa = PBXGroup;
			children = (
				A47135501E08C63600D1E83D /* ThreadMainVC.h */,
				A47135511E08C63600D1E83D /* ThreadMainVC.m */,
				A471354D1E08C61600D1E83D /* OperationVC.h */,
				A471354E1E08C61600D1E83D /* OperationVC.m */,
				A47135671E08CEF900D1E83D /* GCDVC.h */,
				A47135681E08CEF900D1E83D /* GCDVC.m */,
			);
			path = ThreadVC;
			sourceTree = "<group>";
		};
		A47135531E08C7BC00D1E83D /* Expand */ = {
			isa = PBXGroup;
			children = (
				A47135541E08C7DA00D1E83D /* UIImage+Extend.h */,
				A47135551E08C7DA00D1E83D /* UIImage+Extend.m */,
			);
			path = Expand;
			sourceTree = "<group>";
		};
		A47135571E08CA2600D1E83D /* FMDB */ = {
			isa = PBXGroup;
			children = (
				A47135641E08CE5C00D1E83D /* FMDBVC.h */,
				A47135651E08CE5C00D1E83D /* FMDBVC.m */,
				A471355B1E08CA5F00D1E83D /* ImageModel.h */,
				A471355C1E08CA5F00D1E83D /* ImageModel.m */,
				A471355E1E08CB3600D1E83D /* XMDBManager.h */,
				A471355F1E08CB3600D1E83D /* XMDBManager.m */,
				A47135611E08CCE600D1E83D /* ImageDB.h */,
				A47135621E08CCE600D1E83D /* ImageDB.m */,
			);
			path = FMDB;
			sourceTree = "<group>";
		};
		A471356A1E08D0DA00D1E83D /* Photo */ = {
			isa = PBXGroup;
			children = (
				A471357F1E08DCCA00D1E83D /* XMImagePicker */,
				A471356B1E08D10900D1E83D /* PhotoMainVC.h */,
				A471356C1E08D10900D1E83D /* PhotoMainVC.m */,
				A47135791E08DAC600D1E83D /* SelectMorePhotoVC.h */,
				A471357A1E08DAC600D1E83D /* SelectMorePhotoVC.m */,
				A47135AF1E08DDE300D1E83D /* SavePhotoToAlbumVC.h */,
				A47135B01E08DDE300D1E83D /* SavePhotoToAlbumVC.m */,
				A471357C1E08DC1300D1E83D /* PhotoCell.h */,
				A471357D1E08DC1300D1E83D /* PhotoCell.m */,
			);
			path = Photo;
			sourceTree = "<group>";
		};
		A471356E1E08D1F100D1E83D /* OCFuntionVC */ = {
			isa = PBXGroup;
			children = (
				A471356F1E08D21E00D1E83D /* OCMethodVC.h */,
				A47135701E08D21E00D1E83D /* OCMethodVC.m */,
			);
			path = OCFuntionVC;
			sourceTree = "<group>";
		};
		A47135721E08D33F00D1E83D /* AppDelegate */ = {
			isa = PBXGroup;
			children = (
				A47135731E08D34F00D1E83D /* AppDelegate.h */,
				A47135741E08D34F00D1E83D /* AppDelegate.m */,
				A47135761E08D37F00D1E83D /* AppDelegate+APNS.h */,
				A47135771E08D37F00D1E83D /* AppDelegate+APNS.m */,
			);
			path = AppDelegate;
			sourceTree = "<group>";
		};
		A471357F1E08DCCA00D1E83D /* XMImagePicker */ = {
			isa = PBXGroup;
			children = (
				A47135801E08DCCA00D1E83D /* Assets */,
				A47135851E08DCCA00D1E83D /* Classes */,
			);
			path = XMImagePicker;
			sourceTree = "<group>";
		};
		A47135801E08DCCA00D1E83D /* Assets */ = {
			isa = PBXGroup;
			children = (
				A47135811E08DCCA00D1E83D /* JKImagePickerController.strings */,
				A47135831E08DCCA00D1E83D /* ImagesPicker.xcassets */,
			);
			path = Assets;
			sourceTree = "<group>";
		};
		A47135851E08DCCA00D1E83D /* Classes */ = {
			isa = PBXGroup;
			children = (
				A47135861E08DCCA00D1E83D /* JKAssets.h */,
				A47135871E08DCCA00D1E83D /* JKAssets.m */,
				A47135881E08DCCA00D1E83D /* JKAssetsCollectionFooterView.h */,
				A47135891E08DCCA00D1E83D /* JKAssetsCollectionFooterView.m */,
				A471358A1E08DCCA00D1E83D /* JKAssetsGroupCell.h */,
				A471358B1E08DCCA00D1E83D /* JKAssetsGroupCell.m */,
				A471358C1E08DCCA00D1E83D /* JKAssetsGroupsView.h */,
				A471358D1E08DCCA00D1E83D /* JKAssetsGroupsView.m */,
				A471358E1E08DCCA00D1E83D /* JKAssetsThumbnailView.h */,
				A471358F1E08DCCA00D1E83D /* JKAssetsThumbnailView.m */,
				A47135901E08DCCA00D1E83D /* JKAssetsViewCell.h */,
				A47135911E08DCCA00D1E83D /* JKAssetsViewCell.m */,
				A47135921E08DCCA00D1E83D /* JKImagePickerController.h */,
				A47135931E08DCCA00D1E83D /* JKImagePickerController.m */,
				A47135941E08DCCA00D1E83D /* JKPhotoBrowser.h */,
				A47135951E08DCCA00D1E83D /* JKPhotoBrowser.m */,
				A47135961E08DCCA00D1E83D /* JKPhotoBrowserCell.h */,
				A47135971E08DCCA00D1E83D /* JKPhotoBrowserCell.m */,
				A47135981E08DCCA00D1E83D /* JKPromptView.h */,
				A47135991E08DCCA00D1E83D /* JKPromptView.m */,
				A471359A1E08DCCA00D1E83D /* JKUtil.h */,
				A471359B1E08DCCA00D1E83D /* JKUtil.m */,
				A471359C1E08DCCA00D1E83D /* PhotoAlbumManager.h */,
				A471359D1E08DCCA00D1E83D /* PhotoAlbumManager.m */,
				A471359E1E08DCCA00D1E83D /* UIView+JKPicker.h */,
				A471359F1E08DCCA00D1E83D /* UIView+JKPicker.m */,
			);
			path = Classes;
			sourceTree = "<group>";
		};
		A488A6B21E07C2780087D92A = {
			isa = PBXGroup;
			children = (
				A488A6BD1E07C2780087D92A /* OC */,
				A488A6D71E07C2780087D92A /* OCTests */,
				A488A6E21E07C2780087D92A /* OCUITests */,
				A488A6BC1E07C2780087D92A /* Products */,
				FE4820C2677D47CAD278DF89 /* Pods */,
				0E465C6D2E23888B6BAC9A16 /* Frameworks */,
			);
			sourceTree = "<group>";
		};
		A488A6BC1E07C2780087D92A /* Products */ = {
			isa = PBXGroup;
			children = (
				A488A6BB1E07C2780087D92A /* OC.app */,
				A488A6D41E07C2780087D92A /* OCTests.xctest */,
				A488A6DF1E07C2780087D92A /* OCUITests.xctest */,
			);
			name = Products;
			sourceTree = "<group>";
		};
		A488A6BD1E07C2780087D92A /* OC */ = {
			isa = PBXGroup;
			children = (
				A47135721E08D33F00D1E83D /* AppDelegate */,
				A488A6FB1E07F3A40087D92A /* OCNavigation */,
				A488A6F11E07F2E50087D92A /* BaseClass */,
				A47135531E08C7BC00D1E83D /* Expand */,
				A488A6FF1E07F4740087D92A /* HomePage */,
				A471356E1E08D1F100D1E83D /* OCFuntionVC */,
				A488A7031E07F6BB0087D92A /* Animation */,
				A430C7161E08BDB100681AFD /* GestureVC */,
				A471354C1E08C5F200D1E83D /* ThreadVC */,
				A471356A1E08D0DA00D1E83D /* Photo */,
				A47135571E08CA2600D1E83D /* FMDB */,
				A488A6BE1E07C2780087D92A /* Supporting Files */,
			);
			path = OC;
			sourceTree = "<group>";
		};
		A488A6BE1E07C2780087D92A /* Supporting Files */ = {
			isa = PBXGroup;
			children = (
				A488A6CF1E07C2780087D92A /* Info.plist */,
				A488A6CA1E07C2780087D92A /* Assets.xcassets */,
				A488A6BF1E07C2780087D92A /* main.m */,
			);
			name = "Supporting Files";
			sourceTree = "<group>";
		};
		A488A6D71E07C2780087D92A /* OCTests */ = {
			isa = PBXGroup;
			children = (
				A488A6D81E07C2780087D92A /* OCTests.m */,
				A488A6DA1E07C2780087D92A /* Info.plist */,
			);
			path = OCTests;
			sourceTree = "<group>";
		};
		A488A6E21E07C2780087D92A /* OCUITests */ = {
			isa = PBXGroup;
			children = (
				A488A6E31E07C2780087D92A /* OCUITests.m */,
				A488A6E51E07C2780087D92A /* Info.plist */,
			);
			path = OCUITests;
			sourceTree = "<group>";
		};
		A488A6F11E07F2E50087D92A /* BaseClass */ = {
			isa = PBXGroup;
			children = (
				A47135581E08CA4800D1E83D /* OCBaseModel.h */,
				A47135591E08CA4800D1E83D /* OCBaseModel.m */,
				A488A6F21E07F2FC0087D92A /* OCBaseViewController.h */,
				A488A6F31E07F2FC0087D92A /* OCBaseViewController.m */,
				A488A6F51E07F3400087D92A /* OCBaseNavigationController.h */,
				A488A6F61E07F3400087D92A /* OCBaseNavigationController.m */,
				A488A6F81E07F37F0087D92A /* OCBaseTabBarController.h */,
				A488A6F91E07F37F0087D92A /* OCBaseTabBarController.m */,
			);
			path = BaseClass;
			sourceTree = "<group>";
		};
		A488A6FB1E07F3A40087D92A /* OCNavigation */ = {
			isa = PBXGroup;
			children = (
				A488A6FC1E07F3D20087D92A /* MainTabBarViewController.h */,
				A488A6FD1E07F3D20087D92A /* MainTabBarViewController.m */,
			);
			path = OCNavigation;
			sourceTree = "<group>";
		};
		A488A6FF1E07F4740087D92A /* HomePage */ = {
			isa = PBXGroup;
			children = (
				A488A7001E07F4930087D92A /* ViewController.h */,
				A488A7011E07F4930087D92A /* ViewController.m */,
				A488A7281E07F8350087D92A /* SettingVC.h */,
				A488A7291E07F8350087D92A /* SettingVC.m */,
			);
			path = HomePage;
			sourceTree = "<group>";
		};
		A488A7031E07F6BB0087D92A /* Animation */ = {
			isa = PBXGroup;
			children = (
				A488A7041E07F6E10087D92A /* AnimationViewController.h */,
				A488A7051E07F6E10087D92A /* AnimationViewController.m */,
				A488A7071E07F70D0087D92A /* AnimationFrameVC.h */,
				A488A7081E07F70D0087D92A /* AnimationFrameVC.m */,
				A488A70A1E07F71B0087D92A /* AnimationBoundsVC.h */,
				A488A70B1E07F71B0087D92A /* AnimationBoundsVC.m */,
				A488A70D1E07F7290087D92A /* AnimationCenterVC.h */,
				A488A70E1E07F7290087D92A /* AnimationCenterVC.m */,
				A488A7101E07F7370087D92A /* AnimationTransformVC.h */,
				A488A7111E07F7370087D92A /* AnimationTransformVC.m */,
				A488A7131E07F74E0087D92A /* AnimationAlphaVC.h */,
				A488A7141E07F74E0087D92A /* AnimationAlphaVC.m */,
				A488A7161E07F75B0087D92A /* AnimationKeyFramesVC.h */,
				A488A7171E07F75B0087D92A /* AnimationKeyFramesVC.m */,
				A488A7191E07F7680087D92A /* AnimationSpringVC.h */,
				A488A71A1E07F7680087D92A /* AnimationSpringVC.m */,
				A488A71C1E07F7760087D92A /* AnimationTransitionVC.h */,
				A488A71D1E07F7760087D92A /* AnimationTransitionVC.m */,
				A488A71F1E07F7870087D92A /* CAAnimationDescriptionVC.h */,
				A488A7201E07F7870087D92A /* CAAnimationDescriptionVC.m */,
				A488A7221E07F7960087D92A /* CAPropertyAnimationVC.h */,
				A488A7231E07F7960087D92A /* CAPropertyAnimationVC.m */,
				A488A7251E07F7A50087D92A /* CATransitionVC.h */,
				A488A7261E07F7A50087D92A /* CATransitionVC.m */,
			);
			path = Animation;
			sourceTree = "<group>";
		};
		FE4820C2677D47CAD278DF89 /* Pods */ = {
			isa = PBXGroup;
			children = (
				25FC48CF59387486D4A8B031 /* Pods-OC.debug.xcconfig */,
				0DBEA0A80AA2C323BF167113 /* Pods-OC.release.xcconfig */,
			);
			name = Pods;
			sourceTree = "<group>";
		};
/* End PBXGroup section */

/* Begin PBXNativeTarget section */
		A488A6BA1E07C2780087D92A /* OC */ = {
			isa = PBXNativeTarget;
			buildConfigurationList = A488A6E81E07C2780087D92A /* Build configuration list for PBXNativeTarget "OC" */;
			buildPhases = (
				51A6A2F01D3B8562B5A80DBE /* [CP] Check Pods Manifest.lock */,
				A488A6B71E07C2780087D92A /* Sources */,
				A488A6B81E07C2780087D92A /* Frameworks */,
				A488A6B91E07C2780087D92A /* Resources */,
				49D85787B1E77B3B04E9D90A /* [CP] Embed Pods Frameworks */,
				31F0B253F48D68061672C018 /* [CP] Copy Pods Resources */,
			);
			buildRules = (
			);
			dependencies = (
			);
			name = OC;
			productName = OC;
			productReference = A488A6BB1E07C2780087D92A /* OC.app */;
			productType = "com.apple.product-type.application";
		};
		A488A6D31E07C2780087D92A /* OCTests */ = {
			isa = PBXNativeTarget;
			buildConfigurationList = A488A6EB1E07C2780087D92A /* Build configuration list for PBXNativeTarget "OCTests" */;
			buildPhases = (
				A488A6D01E07C2780087D92A /* Sources */,
				A488A6D11E07C2780087D92A /* Frameworks */,
				A488A6D21E07C2780087D92A /* Resources */,
			);
			buildRules = (
			);
			dependencies = (
				A488A6D61E07C2780087D92A /* PBXTargetDependency */,
			);
			name = OCTests;
			productName = OCTests;
			productReference = A488A6D41E07C2780087D92A /* OCTests.xctest */;
			productType = "com.apple.product-type.bundle.unit-test";
		};
		A488A6DE1E07C2780087D92A /* OCUITests */ = {
			isa = PBXNativeTarget;
			buildConfigurationList = A488A6EE1E07C2780087D92A /* Build configuration list for PBXNativeTarget "OCUITests" */;
			buildPhases = (
				A488A6DB1E07C2780087D92A /* Sources */,
				A488A6DC1E07C2780087D92A /* Frameworks */,
				A488A6DD1E07C2780087D92A /* Resources */,
			);
			buildRules = (
			);
			dependencies = (
				A488A6E11E07C2780087D92A /* PBXTargetDependency */,
			);
			name = OCUITests;
			productName = OCUITests;
			productReference = A488A6DF1E07C2780087D92A /* OCUITests.xctest */;
			productType = "com.apple.product-type.bundle.ui-testing";
		};
/* End PBXNativeTarget section */

/* Begin PBXProject section */
		A488A6B31E07C2780087D92A /* Project object */ = {
			isa = PBXProject;
			attributes = {
				LastUpgradeCheck = 0810;
				ORGANIZATIONNAME = sigboat;
				TargetAttributes = {
					A488A6BA1E07C2780087D92A = {
						CreatedOnToolsVersion = 8.1;
						DevelopmentTeam = 8DQR5VT4B3;
						ProvisioningStyle = Automatic;
					};
					A488A6D31E07C2780087D92A = {
						CreatedOnToolsVersion = 8.1;
						DevelopmentTeam = 8DQR5VT4B3;
						ProvisioningStyle = Automatic;
						TestTargetID = A488A6BA1E07C2780087D92A;
					};
					A488A6DE1E07C2780087D92A = {
						CreatedOnToolsVersion = 8.1;
						DevelopmentTeam = 8DQR5VT4B3;
						ProvisioningStyle = Automatic;
						TestTargetID = A488A6BA1E07C2780087D92A;
					};
				};
			};
			buildConfigurationList = A488A6B61E07C2780087D92A /* Build configuration list for PBXProject "OC" */;
			compatibilityVersion = "Xcode 3.2";
			developmentRegion = English;
			hasScannedForEncodings = 0;
			knownRegions = (
				en,
				Base,
				"zh-Hans",
			);
			mainGroup = A488A6B21E07C2780087D92A;
			productRefGroup = A488A6BC1E07C2780087D92A /* Products */;
			projectDirPath = "";
			projectRoot = "";
			targets = (
				A488A6BA1E07C2780087D92A /* OC */,
				A488A6D31E07C2780087D92A /* OCTests */,
				A488A6DE1E07C2780087D92A /* OCUITests */,
			);
		};
/* End PBXProject section */

/* Begin PBXResourcesBuildPhase section */
		A488A6B91E07C2780087D92A /* Resources */ = {
			isa = PBXResourcesBuildPhase;
			buildActionMask = 2147483647;
			files = (
				A47135A11E08DCCA00D1E83D /* ImagesPicker.xcassets in Resources */,
				A488A6CB1E07C2780087D92A /* Assets.xcassets in Resources */,
				A47135A01E08DCCA00D1E83D /* JKImagePickerController.strings in Resources */,
			);
			runOnlyForDeploymentPostprocessing = 0;
		};
		A488A6D21E07C2780087D92A /* Resources */ = {
			isa = PBXResourcesBuildPhase;
			buildActionMask = 2147483647;
			files = (
			);
			runOnlyForDeploymentPostprocessing = 0;
		};
		A488A6DD1E07C2780087D92A /* Resources */ = {
			isa = PBXResourcesBuildPhase;
			buildActionMask = 2147483647;
			files = (
			);
			runOnlyForDeploymentPostprocessing = 0;
		};
/* End PBXResourcesBuildPhase section */

/* Begin PBXShellScriptBuildPhase section */
		31F0B253F48D68061672C018 /* [CP] Copy Pods Resources */ = {
			isa = PBXShellScriptBuildPhase;
			buildActionMask = 2147483647;
			files = (
			);
			inputPaths = (
			);
			name = "[CP] Copy Pods Resources";
			outputPaths = (
			);
			runOnlyForDeploymentPostprocessing = 0;
			shellPath = /bin/sh;
			shellScript = "\"${SRCROOT}/Pods/Target Support Files/Pods-OC/Pods-OC-resources.sh\"\n";
			showEnvVarsInLog = 0;
		};
		49D85787B1E77B3B04E9D90A /* [CP] Embed Pods Frameworks */ = {
			isa = PBXShellScriptBuildPhase;
			buildActionMask = 2147483647;
			files = (
			);
			inputPaths = (
			);
			name = "[CP] Embed Pods Frameworks";
			outputPaths = (
			);
			runOnlyForDeploymentPostprocessing = 0;
			shellPath = /bin/sh;
			shellScript = "\"${SRCROOT}/Pods/Target Support Files/Pods-OC/Pods-OC-frameworks.sh\"\n";
			showEnvVarsInLog = 0;
		};
		51A6A2F01D3B8562B5A80DBE /* [CP] Check Pods Manifest.lock */ = {
			isa = PBXShellScriptBuildPhase;
			buildActionMask = 2147483647;
			files = (
			);
			inputPaths = (
			);
			name = "[CP] Check Pods Manifest.lock";
			outputPaths = (
			);
			runOnlyForDeploymentPostprocessing = 0;
			shellPath = /bin/sh;
			shellScript = "diff \"${PODS_ROOT}/../Podfile.lock\" \"${PODS_ROOT}/Manifest.lock\" > /dev/null\nif [ $? != 0 ] ; then\n    # print error to STDERR\n    echo \"error: The sandbox is not in sync with the Podfile.lock. Run 'pod install' or update your CocoaPods installation.\" >&2\n    exit 1\nfi\n";
			showEnvVarsInLog = 0;
		};
/* End PBXShellScriptBuildPhase section */

/* Begin PBXSourcesBuildPhase section */
		A488A6B71E07C2780087D92A /* Sources */ = {
			isa = PBXSourcesBuildPhase;
			buildActionMask = 2147483647;
			files = (
				A488A7241E07F7960087D92A /* CAPropertyAnimationVC.m in Sources */,
				A47135A41E08DCCA00D1E83D /* JKAssetsGroupCell.m in Sources */,
				A488A70C1E07F71B0087D92A /* AnimationBoundsVC.m in Sources */,
				A47135B11E08DDE300D1E83D /* SavePhotoToAlbumVC.m in Sources */,
				A47135AE1E08DCCA00D1E83D /* UIView+JKPicker.m in Sources */,
				A488A7021E07F4930087D92A /* ViewController.m in Sources */,
				A471355A1E08CA4800D1E83D /* OCBaseModel.m in Sources */,
				A47135751E08D34F00D1E83D /* AppDelegate.m in Sources */,
				A47135A81E08DCCA00D1E83D /* JKImagePickerController.m in Sources */,
				A47135A51E08DCCA00D1E83D /* JKAssetsGroupsView.m in Sources */,
				A488A6FE1E07F3D20087D92A /* MainTabBarViewController.m in Sources */,
				A488A6F71E07F3400087D92A /* OCBaseNavigationController.m in Sources */,
				A488A72A1E07F8350087D92A /* SettingVC.m in Sources */,
				A47135A31E08DCCA00D1E83D /* JKAssetsCollectionFooterView.m in Sources */,
				A471355D1E08CA5F00D1E83D /* ImageModel.m in Sources */,
				A488A7061E07F6E10087D92A /* AnimationViewController.m in Sources */,
				A488A7091E07F70D0087D92A /* AnimationFrameVC.m in Sources */,
				A488A71E1E07F7760087D92A /* AnimationTransitionVC.m in Sources */,
				A488A7121E07F7370087D92A /* AnimationTransformVC.m in Sources */,
				A47135AB1E08DCCA00D1E83D /* JKPromptView.m in Sources */,
				A471354F1E08C61600D1E83D /* OperationVC.m in Sources */,
				A47135A61E08DCCA00D1E83D /* JKAssetsThumbnailView.m in Sources */,
				A471356D1E08D10900D1E83D /* PhotoMainVC.m in Sources */,
				A488A6FA1E07F37F0087D92A /* OCBaseTabBarController.m in Sources */,
				A488A7151E07F74E0087D92A /* AnimationAlphaVC.m in Sources */,
				A47135661E08CE5C00D1E83D /* FMDBVC.m in Sources */,
				A471357B1E08DAC600D1E83D /* SelectMorePhotoVC.m in Sources */,
				A488A7211E07F7870087D92A /* CAAnimationDescriptionVC.m in Sources */,
				A488A7271E07F7A50087D92A /* CATransitionVC.m in Sources */,
				A47135AD1E08DCCA00D1E83D /* PhotoAlbumManager.m in Sources */,
				A47135AA1E08DCCA00D1E83D /* JKPhotoBrowserCell.m in Sources */,
				A47135711E08D21E00D1E83D /* OCMethodVC.m in Sources */,
				A47135631E08CCE600D1E83D /* ImageDB.m in Sources */,
				A488A6F41E07F2FC0087D92A /* OCBaseViewController.m in Sources */,
				A488A70F1E07F7290087D92A /* AnimationCenterVC.m in Sources */,
				A488A6C01E07C2780087D92A /* main.m in Sources */,
				A47135781E08D37F00D1E83D /* AppDelegate+APNS.m in Sources */,
				A488A71B1E07F7680087D92A /* AnimationSpringVC.m in Sources */,
				A47135A91E08DCCA00D1E83D /* JKPhotoBrowser.m in Sources */,
				A430C7191E08BDCC00681AFD /* GestureVC.m in Sources */,
				A47135521E08C63600D1E83D /* ThreadMainVC.m in Sources */,
				A47135A71E08DCCA00D1E83D /* JKAssetsViewCell.m in Sources */,
				A488A7181E07F75B0087D92A /* AnimationKeyFramesVC.m in Sources */,
				A47135AC1E08DCCA00D1E83D /* JKUtil.m in Sources */,
				A471357E1E08DC1300D1E83D /* PhotoCell.m in Sources */,
				A47135691E08CEF900D1E83D /* GCDVC.m in Sources */,
				A47135A21E08DCCA00D1E83D /* JKAssets.m in Sources */,
				A47135601E08CB3600D1E83D /* XMDBManager.m in Sources */,
				A47135561E08C7DA00D1E83D /* UIImage+Extend.m in Sources */,
			);
			runOnlyForDeploymentPostprocessing = 0;
		};
		A488A6D01E07C2780087D92A /* Sources */ = {
			isa = PBXSourcesBuildPhase;
			buildActionMask = 2147483647;
			files = (
				A488A6D91E07C2780087D92A /* OCTests.m in Sources */,
			);
			runOnlyForDeploymentPostprocessing = 0;
		};
		A488A6DB1E07C2780087D92A /* Sources */ = {
			isa = PBXSourcesBuildPhase;
			buildActionMask = 2147483647;
			files = (
				A488A6E41E07C2780087D92A /* OCUITests.m in Sources */,
			);
			runOnlyForDeploymentPostprocessing = 0;
		};
/* End PBXSourcesBuildPhase section */

/* Begin PBXTargetDependency section */
		A488A6D61E07C2780087D92A /* PBXTargetDependency */ = {
			isa = PBXTargetDependency;
			target = A488A6BA1E07C2780087D92A /* OC */;
			targetProxy = A488A6D51E07C2780087D92A /* PBXContainerItemProxy */;
		};
		A488A6E11E07C2780087D92A /* PBXTargetDependency */ = {
			isa = PBXTargetDependency;
			target = A488A6BA1E07C2780087D92A /* OC */;
			targetProxy = A488A6E01E07C2780087D92A /* PBXContainerItemProxy */;
		};
/* End PBXTargetDependency section */

/* Begin PBXVariantGroup section */
		A47135811E08DCCA00D1E83D /* JKImagePickerController.strings */ = {
			isa = PBXVariantGroup;
			children = (
				A47135821E08DCCA00D1E83D /* en */,
				A47135841E08DCCA00D1E83D /* zh-Hans */,
			);
			name = JKImagePickerController.strings;
			sourceTree = "<group>";
		};
/* End PBXVariantGroup section */

/* Begin XCBuildConfiguration section */
		A488A6E61E07C2780087D92A /* Debug */ = {
			isa = XCBuildConfiguration;
			buildSettings = {
				ALWAYS_SEARCH_USER_PATHS = NO;
				CLANG_ANALYZER_NONNULL = YES;
				CLANG_CXX_LANGUAGE_STANDARD = "gnu++0x";
				CLANG_CXX_LIBRARY = "libc++";
				CLANG_ENABLE_MODULES = YES;
				CLANG_ENABLE_OBJC_ARC = YES;
				CLANG_WARN_BOOL_CONVERSION = YES;
				CLANG_WARN_CONSTANT_CONVERSION = YES;
				CLANG_WARN_DIRECT_OBJC_ISA_USAGE = YES_ERROR;
				CLANG_WARN_DOCUMENTATION_COMMENTS = YES;
				CLANG_WARN_EMPTY_BODY = YES;
				CLANG_WARN_ENUM_CONVERSION = YES;
				CLANG_WARN_INFINITE_RECURSION = YES;
				CLANG_WARN_INT_CONVERSION = YES;
				CLANG_WARN_OBJC_ROOT_CLASS = YES_ERROR;
				CLANG_WARN_SUSPICIOUS_MOVES = YES;
				CLANG_WARN_UNREACHABLE_CODE = YES;
				CLANG_WARN__DUPLICATE_METHOD_MATCH = YES;
				"CODE_SIGN_IDENTITY[sdk=iphoneos*]" = "iPhone Developer";
				COPY_PHASE_STRIP = NO;
				DEBUG_INFORMATION_FORMAT = dwarf;
				ENABLE_STRICT_OBJC_MSGSEND = YES;
				ENABLE_TESTABILITY = YES;
				GCC_C_LANGUAGE_STANDARD = gnu99;
				GCC_DYNAMIC_NO_PIC = NO;
				GCC_NO_COMMON_BLOCKS = YES;
				GCC_OPTIMIZATION_LEVEL = 0;
				GCC_PREPROCESSOR_DEFINITIONS = (
					"DEBUG=1",
					"$(inherited)",
				);
				GCC_WARN_64_TO_32_BIT_CONVERSION = YES;
				GCC_WARN_ABOUT_RETURN_TYPE = YES_ERROR;
				GCC_WARN_UNDECLARED_SELECTOR = YES;
				GCC_WARN_UNINITIALIZED_AUTOS = YES_AGGRESSIVE;
				GCC_WARN_UNUSED_FUNCTION = YES;
				GCC_WARN_UNUSED_VARIABLE = YES;
				IPHONEOS_DEPLOYMENT_TARGET = 10.1;
				MTL_ENABLE_DEBUG_INFO = YES;
				ONLY_ACTIVE_ARCH = YES;
				SDKROOT = iphoneos;
			};
			name = Debug;
		};
		A488A6E71E07C2780087D92A /* Release */ = {
			isa = XCBuildConfiguration;
			buildSettings = {
				ALWAYS_SEARCH_USER_PATHS = NO;
				CLANG_ANALYZER_NONNULL = YES;
				CLANG_CXX_LANGUAGE_STANDARD = "gnu++0x";
				CLANG_CXX_LIBRARY = "libc++";
				CLANG_ENABLE_MODULES = YES;
				CLANG_ENABLE_OBJC_ARC = YES;
				CLANG_WARN_BOOL_CONVERSION = YES;
				CLANG_WARN_CONSTANT_CONVERSION = YES;
				CLANG_WARN_DIRECT_OBJC_ISA_USAGE = YES_ERROR;
				CLANG_WARN_DOCUMENTATION_COMMENTS = YES;
				CLANG_WARN_EMPTY_BODY = YES;
				CLANG_WARN_ENUM_CONVERSION = YES;
				CLANG_WARN_INFINITE_RECURSION = YES;
				CLANG_WARN_INT_CONVERSION = YES;
				CLANG_WARN_OBJC_ROOT_CLASS = YES_ERROR;
				CLANG_WARN_SUSPICIOUS_MOVES = YES;
				CLANG_WARN_UNREACHABLE_CODE = YES;
				CLANG_WARN__DUPLICATE_METHOD_MATCH = YES;
				"CODE_SIGN_IDENTITY[sdk=iphoneos*]" = "iPhone Developer";
				COPY_PHASE_STRIP = NO;
				DEBUG_INFORMATION_FORMAT = "dwarf-with-dsym";
				ENABLE_NS_ASSERTIONS = NO;
				ENABLE_STRICT_OBJC_MSGSEND = YES;
				GCC_C_LANGUAGE_STANDARD = gnu99;
				GCC_NO_COMMON_BLOCKS = YES;
				GCC_WARN_64_TO_32_BIT_CONVERSION = YES;
				GCC_WARN_ABOUT_RETURN_TYPE = YES_ERROR;
				GCC_WARN_UNDECLARED_SELECTOR = YES;
				GCC_WARN_UNINITIALIZED_AUTOS = YES_AGGRESSIVE;
				GCC_WARN_UNUSED_FUNCTION = YES;
				GCC_WARN_UNUSED_VARIABLE = YES;
				IPHONEOS_DEPLOYMENT_TARGET = 10.1;
				MTL_ENABLE_DEBUG_INFO = NO;
				SDKROOT = iphoneos;
				VALIDATE_PRODUCT = YES;
			};
			name = Release;
		};
		A488A6E91E07C2780087D92A /* Debug */ = {
			isa = XCBuildConfiguration;
			baseConfigurationReference = 25FC48CF59387486D4A8B031 /* Pods-OC.debug.xcconfig */;
			buildSettings = {
				ASSETCATALOG_COMPILER_APPICON_NAME = AppIcon;
				DEVELOPMENT_TEAM = 8DQR5VT4B3;
				INFOPLIST_FILE = OC/Info.plist;
				IPHONEOS_DEPLOYMENT_TARGET = 8.0;
				LD_RUNPATH_SEARCH_PATHS = "$(inherited) @executable_path/Frameworks";
				PRODUCT_BUNDLE_IDENTIFIER = shoneme.OC;
				PRODUCT_NAME = "$(TARGET_NAME)";
			};
			name = Debug;
		};
		A488A6EA1E07C2780087D92A /* Release */ = {
			isa = XCBuildConfiguration;
			baseConfigurationReference = 0DBEA0A80AA2C323BF167113 /* Pods-OC.release.xcconfig */;
			buildSettings = {
				ASSETCATALOG_COMPILER_APPICON_NAME = AppIcon;
				DEVELOPMENT_TEAM = 8DQR5VT4B3;
				INFOPLIST_FILE = OC/Info.plist;
				IPHONEOS_DEPLOYMENT_TARGET = 8.0;
				LD_RUNPATH_SEARCH_PATHS = "$(inherited) @executable_path/Frameworks";
				PRODUCT_BUNDLE_IDENTIFIER = shoneme.OC;
				PRODUCT_NAME = "$(TARGET_NAME)";
			};
			name = Release;
		};
		A488A6EC1E07C2780087D92A /* Debug */ = {
			isa = XCBuildConfiguration;
			buildSettings = {
				BUNDLE_LOADER = "$(TEST_HOST)";
				DEVELOPMENT_TEAM = 8DQR5VT4B3;
				INFOPLIST_FILE = OCTests/Info.plist;
				LD_RUNPATH_SEARCH_PATHS = "$(inherited) @executable_path/Frameworks @loader_path/Frameworks";
				PRODUCT_BUNDLE_IDENTIFIER = shoneme.OCTests;
				PRODUCT_NAME = "$(TARGET_NAME)";
				TEST_HOST = "$(BUILT_PRODUCTS_DIR)/OC.app/OC";
			};
			name = Debug;
		};
		A488A6ED1E07C2780087D92A /* Release */ = {
			isa = XCBuildConfiguration;
			buildSettings = {
				BUNDLE_LOADER = "$(TEST_HOST)";
				DEVELOPMENT_TEAM = 8DQR5VT4B3;
				INFOPLIST_FILE = OCTests/Info.plist;
				LD_RUNPATH_SEARCH_PATHS = "$(inherited) @executable_path/Frameworks @loader_path/Frameworks";
				PRODUCT_BUNDLE_IDENTIFIER = shoneme.OCTests;
				PRODUCT_NAME = "$(TARGET_NAME)";
				TEST_HOST = "$(BUILT_PRODUCTS_DIR)/OC.app/OC";
			};
			name = Release;
		};
		A488A6EF1E07C2780087D92A /* Debug */ = {
			isa = XCBuildConfiguration;
			buildSettings = {
				DEVELOPMENT_TEAM = 8DQR5VT4B3;
				INFOPLIST_FILE = OCUITests/Info.plist;
				LD_RUNPATH_SEARCH_PATHS = "$(inherited) @executable_path/Frameworks @loader_path/Frameworks";
				PRODUCT_BUNDLE_IDENTIFIER = shoneme.OCUITests;
				PRODUCT_NAME = "$(TARGET_NAME)";
				TEST_TARGET_NAME = OC;
			};
			name = Debug;
		};
		A488A6F01E07C2780087D92A /* Release */ = {
			isa = XCBuildConfiguration;
			buildSettings = {
				DEVELOPMENT_TEAM = 8DQR5VT4B3;
				INFOPLIST_FILE = OCUITests/Info.plist;
				LD_RUNPATH_SEARCH_PATHS = "$(inherited) @executable_path/Frameworks @loader_path/Frameworks";
				PRODUCT_BUNDLE_IDENTIFIER = shoneme.OCUITests;
				PRODUCT_NAME = "$(TARGET_NAME)";
				TEST_TARGET_NAME = OC;
			};
			name = Release;
		};
/* End XCBuildConfiguration section */

/* Begin XCConfigurationList section */
		A488A6B61E07C2780087D92A /* Build configuration list for PBXProject "OC" */ = {
			isa = XCConfigurationList;
			buildConfigurations = (
				A488A6E61E07C2780087D92A /* Debug */,
				A488A6E71E07C2780087D92A /* Release */,
			);
			defaultConfigurationIsVisible = 0;
			defaultConfigurationName = Release;
		};
		A488A6E81E07C2780087D92A /* Build configuration list for PBXNativeTarget "OC" */ = {
			isa = XCConfigurationList;
			buildConfigurations = (
				A488A6E91E07C2780087D92A /* Debug */,
				A488A6EA1E07C2780087D92A /* Release */,
			);
			defaultConfigurationIsVisible = 0;
			defaultConfigurationName = Release;
		};
		A488A6EB1E07C2780087D92A /* Build configuration list for PBXNativeTarget "OCTests" */ = {
			isa = XCConfigurationList;
			buildConfigurations = (
				A488A6EC1E07C2780087D92A /* Debug */,
				A488A6ED1E07C2780087D92A /* Release */,
			);
			defaultConfigurationIsVisible = 0;
			defaultConfigurationName = Release;
		};
		A488A6EE1E07C2780087D92A /* Build configuration list for PBXNativeTarget "OCUITests" */ = {
			isa = XCConfigurationList;
			buildConfigurations = (
				A488A6EF1E07C2780087D92A /* Debug */,
				A488A6F01E07C2780087D92A /* Release */,
			);
			defaultConfigurationIsVisible = 0;
			defaultConfigurationName = Release;
		};
/* End XCConfigurationList section */
	};
	rootObject = A488A6B31E07C2780087D92A /* Project object */;
}
